{
  "name": "smart-doctor-appointment",
  "lockfileVersion": 2,
  "requires": true,
  "packages": {
    "": {
      "dependencies": {
        "@angular/http": "^7.2.16"
      }
    },
    "node_modules/@angular/common": {
      "version": "7.2.16",
      "resolved": "https://registry.npmjs.org/@angular/common/-/common-7.2.16.tgz",
      "integrity": "sha512-lPo2Vt5zmKeKTdMxHMUuViouMiK4QsmO6dGTIhJ7QAx9mov0QYb4sUVKN9Ix32Aeeznaa97qJnhevyDncJqvSA==",
      "peer": true,
      "dependencies": {
        "tslib": "^1.9.0"
      },
      "peerDependencies": {
        "@angular/core": "7.2.16",
        "rxjs": "^6.0.0"
      }
    },
    "node_modules/@angular/core": {
      "version": "7.2.16",
      "resolved": "https://registry.npmjs.org/@angular/core/-/core-7.2.16.tgz",
      "integrity": "sha512-z1RuBinuYeC4KLv8Z95YOgIQLd4nkoApdxkIZaWALwSkgeBuHJn4bCBn2cL0gJ/KO2x18TiTU5HuC+uyBt0AVQ==",
      "peer": true,
      "dependencies": {
        "tslib": "^1.9.0"
      },
      "peerDependencies": {
        "rxjs": "^6.0.0",
        "zone.js": "~0.8.26"
      }
    },
    "node_modules/@angular/http": {
      "version": "7.2.16",
      "resolved": "https://registry.npmjs.org/@angular/http/-/http-7.2.16.tgz",
      "integrity": "sha512-yvjbNyzFSmmz4UTjCdy5M8mk0cZqf9TvSf8yN5UVIwtw4joyuUdlgJCuin0qSbQOKIf/JjHoofpO2JkPCGSNww==",
      "deprecated": "Package no longer supported. Use @angular/common instead, see https://angular.io/guide/deprecations#angularhttp",
      "dependencies": {
        "tslib": "^1.9.0"
      },
      "peerDependencies": {
        "@angular/core": "7.2.16",
        "@angular/platform-browser": "7.2.16",
        "rxjs": "^6.0.0"
      }
    },
    "node_modules/@angular/platform-browser": {
      "version": "7.2.16",
      "resolved": "https://registry.npmjs.org/@angular/platform-browser/-/platform-browser-7.2.16.tgz",
      "integrity": "sha512-6LltxoPlbtUgSec5a+BGPHZ0UYdqFizxSsplC1PoJdqH17DDxQjxcluAfXnLlvOYFSSPvYa73PSOpmUU2vp4gA==",
      "peer": true,
      "dependencies": {
        "tslib": "^1.9.0"
      },
      "peerDependencies": {
        "@angular/common": "7.2.16",
        "@angular/core": "7.2.16"
      }
    },
    "node_modules/rxjs": {
      "version": "6.6.7",
      "resolved": "https://registry.npmjs.org/rxjs/-/rxjs-6.6.7.tgz",
      "integrity": "sha512-hTdwr+7yYNIT5n4AMYp85KA6yw2Va0FLa3Rguvbpa4W3I5xynaBZo41cM3XM+4Q6fRMj3sBYIR1VAmZMXYJvRQ==",
      "peer": true,
      "dependencies": {
        "tslib": "^1.9.0"
      },
      "engines": {
        "npm": ">=2.0.0"
      }
    },
    "node_modules/tslib": {
      "version": "1.14.1",
      "resolved": "https://registry.npmjs.org/tslib/-/tslib-1.14.1.tgz",
      "integrity": "sha512-Xni35NKzjgMrwevysHTCArtLDpPvye8zV/0E4EyYn43P7/7qvQwPh9BGkHewbMulVntbigmcT7rdX3BNo9wRJg=="
    },
    "node_modules/zone.js": {
      "version": "0.8.29",
      "resolved": "https://registry.npmjs.org/zone.js/-/zone.js-0.8.29.tgz",
      "integrity": "sha512-mla2acNCMkWXBD+c+yeUrBUrzOxYMNFdQ6FGfigGGtEVBPJx07BQeJekjt9DmH1FtZek4E9rE1eRR9qQpxACOQ==",
      "peer": true
    }
  },
  "dependencies": {
    "@angular/common": {
      "version": "7.2.16",
      "resolved": "https://registry.npmjs.org/@angular/common/-/common-7.2.16.tgz",
      "integrity": "sha512-lPo2Vt5zmKeKTdMxHMUuViouMiK4QsmO6dGTIhJ7QAx9mov0QYb4sUVKN9Ix32Aeeznaa97qJnhevyDncJqvSA==",
      "peer": true,
      "requires": {
        "tslib": "^1.9.0"
      }
    },
    "@angular/core": {
      "version": "7.2.16",
      "resolved": "https://registry.npmjs.org/@angular/core/-/core-7.2.16.tgz",
      "integrity": "sha512-z1RuBinuYeC4KLv8Z95YOgIQLd4nkoApdxkIZaWALwSkgeBuHJn4bCBn2cL0gJ/KO2x18TiTU5HuC+uyBt0AVQ==",
      "peer": true,
      "requires": {
        "tslib": "^1.9.0"
      }
    },
    "@angular/http": {
      "version": "7.2.16",
      "resolved": "https://registry.npmjs.org/@angular/http/-/http-7.2.16.tgz",
      "integrity": "sha512-yvjbNyzFSmmz4UTjCdy5M8mk0cZqf9TvSf8yN5UVIwtw4joyuUdlgJCuin0qSbQOKIf/JjHoofpO2JkPCGSNww==",
      "requires": {
        "tslib": "^1.9.0"
      }
    },
    "@angular/platform-browser": {
      "version": "7.2.16",
      "resolved": "https://registry.npmjs.org/@angular/platform-browser/-/platform-browser-7.2.16.tgz",
      "integrity": "sha512-6LltxoPlbtUgSec5a+BGPHZ0UYdqFizxSsplC1PoJdqH17DDxQjxcluAfXnLlvOYFSSPvYa73PSOpmUU2vp4gA==",
      "peer": true,
      "requires": {
        "tslib": "^1.9.0"
      }
    },
    "rxjs": {
      "version": "6.6.7",
      "resolved": "https://registry.npmjs.org/rxjs/-/rxjs-6.6.7.tgz",
      "integrity": "sha512-hTdwr+7yYNIT5n4AMYp85KA6yw2Va0FLa3Rguvbpa4W3I5xynaBZo41cM3XM+4Q6fRMj3sBYIR1VAmZMXYJvRQ==",
      "peer": true,
      "requires": {
        "tslib": "^1.9.0"
      }
    },
    "tslib": {
      "version": "1.14.1",
      "resolved": "https://registry.npmjs.org/tslib/-/tslib-1.14.1.tgz",
      "integrity": "sha512-Xni35NKzjgMrwevysHTCArtLDpPvye8zV/0E4EyYn43P7/7qvQwPh9BGkHewbMulVntbigmcT7rdX3BNo9wRJg=="
    },
    "zone.js": {
      "version": "0.8.29",
      "resolved": "https://registry.npmjs.org/zone.js/-/zone.js-0.8.29.tgz",
      "integrity": "sha512-mla2acNCMkWXBD+c+yeUrBUrzOxYMNFdQ6FGfigGGtEVBPJx07BQeJekjt9DmH1FtZek4E9rE1eRR9qQpxACOQ==",
      "peer": true
    }
  }
}
